
Microsoft Visual Studio Solution File, Format Version 12.00
# Visual Studio Version 16
VisualStudioVersion = 16.0.32602.291
MinimumVisualStudioVersion = 10.0.40219.1
Project("{FAE04EC0-301F-11D3-BF4B-00C04F79EFBC}") = "ReporteExcel01", "ReporteExcel01\ReporteExcel01.csproj", "{3B7F93E8-3B65-4028-A11F-422746C2E4E6}"
EndProject
Global
	GlobalSection(SolutionConfigurationPlatforms) = preSolution
		Debug|Any CPU = Debug|Any CPU
		Release|Any CPU = Release|Any CPU
	EndGlobalSection
	GlobalSection(ProjectConfigurationPlatforms) = postSolution
		{3B7F93E8-3B65-4028-A11F-422746C2E4E6}.Debug|Any CPU.ActiveCfg = Debug|Any CPU
		{3B7F93E8-3B65-4028-A11F-422746C2E4E6}.Debug|Any CPU.Build.0 = Debug|Any CPU
		{3B7F93E8-3B65-4028-A11F-422746C2E4E6}.Release|Any CPU.ActiveCfg = Release|Any CPU
		{3B7F93E8-3B65-4028-A11F-422746C2E4E6}.Release|Any CPU.Build.0 = Release|Any CPU
	EndGlobalSection
	GlobalSection(SolutionProperties) = preSolution
		HideSolutionNode = FALSE
	EndGlobalSection
	GlobalSection(ExtensibilityGlobals) = postSolution
		SolutionGuid = {48F85921-BA40-43FD-8B0F-2A8722EDAED1}
	EndGlobalSection
EndGlobal
